# This file is automatically @generated by Cargo.
# It is not intended for manual editing.
version = 4

[[package]]
name = "cmd"
version = "0.1.0"
dependencies = [
 "placement-center",
 "protocol",
]

[[package]]
name = "common-base"
version = "0.1.0"

[[package]]
name = "placement-center"
version = "0.1.0"
dependencies = [
 "common-base",
]

[[package]]
name = "protocol"
version = "0.1.0"
dependencies = [
 "common-base",
]
